
Microsoft Visual Studio Solution File, Format Version 12.00
# Visual Studio 15
VisualStudioVersion = 15.0.28307.168
MinimumVisualStudioVersion = 10.0.40219.1
Project("{FAE04EC0-301F-11D3-BF4B-00C04F79EFBC}") = "3dTicTacToe", "3dTicTacToe\3dTicTacToe.csproj", "{42779846-AE88-427B-B05B-6C914C997A2D}"
EndProject
Global
	GlobalSection(SolutionConfigurationPlatforms) = preSolution
		Debug|Any CPU = Debug|Any CPU
		Release|Any CPU = Release|Any CPU
	EndGlobalSection
	GlobalSection(ProjectConfigurationPlatforms) = postSolution
		{42779846-AE88-427B-B05B-6C914C997A2D}.Debug|Any CPU.ActiveCfg = Debug|Any CPU
		{42779846-AE88-427B-B05B-6C914C997A2D}.Debug|Any CPU.Build.0 = Debug|Any CPU
		{42779846-AE88-427B-B05B-6C914C997A2D}.Release|Any CPU.ActiveCfg = Release|Any CPU
		{42779846-AE88-427B-B05B-6C914C997A2D}.Release|Any CPU.Build.0 = Release|Any CPU
	EndGlobalSection
	GlobalSection(SolutionProperties) = preSolution
		HideSolutionNode = FALSE
	EndGlobalSection
	GlobalSection(ExtensibilityGlobals) = postSolution
		SolutionGuid = {36DBB0A5-BEB8-4356-AE2B-5E865BF5F541}
	EndGlobalSection
EndGlobal
